
Microsoft Visual Studio Solution File, Format Version 12.00
# Visual Studio Version 16
VisualStudioVersion = 16.0.31702.126
MinimumVisualStudioVersion = 10.0.40219.1
Project("{9A19103F-16F7-4668-BE54-9A1E7A4F7556}") = "Bookish.DataAccess", "Bookish.DataAccess\Bookish.DataAccess.csproj", "{0BF90B84-68B6-4246-9EA7-96F47739BD76}"
EndProject
Project("{FAE04EC0-301F-11D3-BF4B-00C04F79EFBC}") = "Bookish.ConsoleApp", "Bookish.ConsoleApp\Bookish.ConsoleApp.csproj", "{E750E950-D70C-4B84-BB7B-F3F886E84832}"
EndProject
Global
	GlobalSection(SolutionConfigurationPlatforms) = preSolution
		Debug|Any CPU = Debug|Any CPU
		Release|Any CPU = Release|Any CPU
	EndGlobalSection
	GlobalSection(ProjectConfigurationPlatforms) = postSolution
		{0BF90B84-68B6-4246-9EA7-96F47739BD76}.Debug|Any CPU.ActiveCfg = Debug|Any CPU
		{0BF90B84-68B6-4246-9EA7-96F47739BD76}.Debug|Any CPU.Build.0 = Debug|Any CPU
		{0BF90B84-68B6-4246-9EA7-96F47739BD76}.Release|Any CPU.ActiveCfg = Release|Any CPU
		{0BF90B84-68B6-4246-9EA7-96F47739BD76}.Release|Any CPU.Build.0 = Release|Any CPU
		{E750E950-D70C-4B84-BB7B-F3F886E84832}.Debug|Any CPU.ActiveCfg = Debug|Any CPU
		{E750E950-D70C-4B84-BB7B-F3F886E84832}.Debug|Any CPU.Build.0 = Debug|Any CPU
		{E750E950-D70C-4B84-BB7B-F3F886E84832}.Release|Any CPU.ActiveCfg = Release|Any CPU
		{E750E950-D70C-4B84-BB7B-F3F886E84832}.Release|Any CPU.Build.0 = Release|Any CPU
	EndGlobalSection
	GlobalSection(SolutionProperties) = preSolution
		HideSolutionNode = FALSE
	EndGlobalSection
	GlobalSection(ExtensibilityGlobals) = postSolution
		SolutionGuid = {31130FEC-2831-4B27-B6E1-470CE8886A42}
	EndGlobalSection
EndGlobal
